<?xml version="1.0" encoding="utf-8"?>
<Project ToolsVersion="4.0" xmlns="http://schemas.microsoft.com/developer/msbuild/2003">
  <ItemGroup>
    <Filter Include="源文件">
      <UniqueIdentifier>{4FC737F1-C7A5-4376-A066-2A32D752A2FF}</UniqueIdentifier>
      <Extensions>cpp;c;cc;cxx;def;odl;idl;hpj;bat;asm;asmx</Extensions>
    </Filter>
    <Filter Include="头文件">
      <UniqueIdentifier>{93995380-89BD-4b04-88EB-625FBE52EBFB}</UniqueIdentifier>
      <Extensions>h;hh;hpp;hxx;hm;inl;inc;xsd</Extensions>
    </Filter>
    <Filter Include="资源文件">
      <UniqueIdentifier>{67DA6AB6-F800-4c08-8B7A-83BB121AAD01}</UniqueIdentifier>
      <Extensions>rc;ico;cur;bmp;dlg;rc2;rct;bin;rgs;gif;jpg;jpeg;jpe;resx;tiff;tif;png;wav;mfcribbon-ms</Extensions>
    </Filter>
    <Filter Include="源文件\Binary Tree">
      <UniqueIdentifier>{59dd99ac-fb95-4104-b1eb-c855e4937372}</UniqueIdentifier>
    </Filter>
    <Filter Include="源文件\进制转换">
      <UniqueIdentifier>{1ca0d2ff-23b5-4ebd-99be-15ce70ba0cfb}</UniqueIdentifier>
    </Filter>
    <Filter Include="源文件\Linked List">
      <UniqueIdentifier>{5975dc08-2ae1-4a66-a0a4-462e4ebe2793}</UniqueIdentifier>
    </Filter>
  </ItemGroup>
  <ItemGroup>
    <Text Include="ReadMe.txt" />
    <Text Include="Log.txt" />
  </ItemGroup>
  <ItemGroup>
    <ClInclude Include="stdafx.h">
      <Filter>头文件</Filter>
    </ClInclude>
    <ClInclude Include="targetver.h">
      <Filter>头文件</Filter>
    </ClInclude>
  </ItemGroup>
  <ItemGroup>
    <ClCompile Include="stdafx.cpp">
      <Filter>源文件</Filter>
    </ClCompile>
    <ClCompile Include="Leetcode.cpp">
      <Filter>源文件</Filter>
    </ClCompile>
    <ClCompile Include="278%28AC%29.cpp">
      <Filter>源文件</Filter>
    </ClCompile>
    <ClCompile Include="4%28AC%29.cpp">
      <Filter>源文件</Filter>
    </ClCompile>
    <ClCompile Include="test.cpp">
      <Filter>源文件</Filter>
    </ClCompile>
    <ClCompile Include="13%28AC%29.cpp">
      <Filter>源文件</Filter>
    </ClCompile>
    <ClCompile Include="1%28AC%29.cpp">
      <Filter>源文件</Filter>
    </ClCompile>
    <ClCompile Include="19%28AC%29.cpp">
      <Filter>源文件</Filter>
    </ClCompile>
    <ClCompile Include="12%28AC%29.cpp">
      <Filter>源文件</Filter>
    </ClCompile>
    <ClCompile Include="104%28AC%29.cpp">
      <Filter>源文件</Filter>
    </ClCompile>
    <ClCompile Include="23%28AC%29.cpp">
      <Filter>源文件</Filter>
    </ClCompile>
    <ClCompile Include="7(AC).cpp">
      <Filter>源文件</Filter>
    </ClCompile>
    <ClCompile Include="135%28AC%29.cpp">
      <Filter>源文件</Filter>
    </ClCompile>
    <ClCompile Include="155(AC).cpp">
      <Filter>源文件</Filter>
    </ClCompile>
    <ClCompile Include="190(AC).cpp">
      <Filter>源文件</Filter>
    </ClCompile>
    <ClCompile Include="202(AC).cpp">
      <Filter>源文件</Filter>
    </ClCompile>
    <ClCompile Include="273(AC).cpp">
      <Filter>源文件</Filter>
    </ClCompile>
    <ClCompile Include="264%28AC%29.cpp">
      <Filter>源文件</Filter>
    </ClCompile>
    <ClCompile Include="263(AC).cpp">
      <Filter>源文件</Filter>
    </ClCompile>
    <ClCompile Include="258(AC).cpp">
      <Filter>源文件</Filter>
    </ClCompile>
    <ClCompile Include="231(AC).cpp">
      <Filter>源文件</Filter>
    </ClCompile>
    <ClCompile Include="227(AC).cpp">
      <Filter>源文件</Filter>
    </ClCompile>
    <ClCompile Include="226(AC).cpp">
      <Filter>源文件</Filter>
    </ClCompile>
    <ClCompile Include="209(AC).cpp">
      <Filter>源文件</Filter>
    </ClCompile>
    <ClCompile Include="208(AC).cpp">
      <Filter>源文件</Filter>
    </ClCompile>
    <ClCompile Include="204(AC).cpp">
      <Filter>源文件</Filter>
    </ClCompile>
    <ClCompile Include="203(AC).cpp">
      <Filter>源文件</Filter>
    </ClCompile>
    <ClCompile Include="69%28AC%29.cpp">
      <Filter>源文件</Filter>
    </ClCompile>
    <ClCompile Include="2%28AC%29.cpp">
      <Filter>源文件</Filter>
    </ClCompile>
    <ClCompile Include="6%28AC%29.cpp">
      <Filter>源文件</Filter>
    </ClCompile>
    <ClCompile Include="21%28AC%29.cpp">
      <Filter>源文件</Filter>
    </ClCompile>
    <ClCompile Include="242%28AC%29.cpp">
      <Filter>源文件</Filter>
    </ClCompile>
    <ClCompile Include="144%28AC%29.cpp">
      <Filter>源文件\Binary Tree</Filter>
    </ClCompile>
    <ClCompile Include="145%28AC%29.cpp">
      <Filter>源文件\Binary Tree</Filter>
    </ClCompile>
    <ClCompile Include="107%28AC%29.cpp">
      <Filter>源文件\Binary Tree</Filter>
    </ClCompile>
    <ClCompile Include="100%28AC%29.cpp">
      <Filter>源文件\Binary Tree</Filter>
    </ClCompile>
    <ClCompile Include="100v2%28AC%29.cpp">
      <Filter>源文件\Binary Tree</Filter>
    </ClCompile>
    <ClCompile Include="102(Ref).cpp">
      <Filter>源文件\Binary Tree</Filter>
    </ClCompile>
    <ClCompile Include="102.cpp">
      <Filter>源文件\Binary Tree</Filter>
    </ClCompile>
    <ClCompile Include="102V2%28AC%29.cpp">
      <Filter>源文件\Binary Tree</Filter>
    </ClCompile>
    <ClCompile Include="102v3.cpp">
      <Filter>源文件\Binary Tree</Filter>
    </ClCompile>
    <ClCompile Include="102V4.cpp">
      <Filter>源文件\Binary Tree</Filter>
    </ClCompile>
    <ClCompile Include="94%28TODO%29.cpp">
      <Filter>源文件\Binary Tree</Filter>
    </ClCompile>
    <ClCompile Include="44%28AC%29.cpp">
      <Filter>源文件</Filter>
    </ClCompile>
    <ClCompile Include="24%28AC%29.cpp">
      <Filter>源文件</Filter>
    </ClCompile>
    <ClCompile Include="46%28AC%29.cpp">
      <Filter>源文件</Filter>
    </ClCompile>
    <ClCompile Include="3%28AC%29.cpp">
      <Filter>源文件</Filter>
    </ClCompile>
    <ClCompile Include="36%28AC%29.cpp">
      <Filter>源文件</Filter>
    </ClCompile>
    <ClCompile Include="27%28AC%29.cpp">
      <Filter>源文件</Filter>
    </ClCompile>
    <ClCompile Include="11.cpp">
      <Filter>源文件</Filter>
    </ClCompile>
    <ClCompile Include="169%28AC%29.cpp">
      <Filter>源文件</Filter>
    </ClCompile>
    <ClCompile Include="168%28AC%29.cpp">
      <Filter>源文件\进制转换</Filter>
    </ClCompile>
    <ClCompile Include="171%28AC%29.cpp">
      <Filter>源文件\进制转换</Filter>
    </ClCompile>
    <ClCompile Include="217%28AC%29.cpp">
      <Filter>源文件</Filter>
    </ClCompile>
    <ClCompile Include="237%28AC%29.cpp">
      <Filter>源文件\Linked List</Filter>
    </ClCompile>
    <ClCompile Include="206%28AC%29.cpp">
      <Filter>源文件\Linked List</Filter>
    </ClCompile>
  </ItemGroup>
  <ItemGroup>
    <None Include="packages.config" />
  </ItemGroup>
</Project>